
Microsoft Visual Studio Solution File, Format Version 12.00
# Visual Studio Version 17
VisualStudioVersion = 17.7.34024.191
MinimumVisualStudioVersion = 10.0.40219.1
Project("{9A19103F-16F7-4668-BE54-9A1E7A4F7556}") = "Individuell_inlamning", "Individuell_inlamning\Individuell_inlamning.csproj", "{E4A0C013-0B08-45C2-901A-800EE6F66928}"
EndProject
Project("{FAE04EC0-301F-11D3-BF4B-00C04F79EFBC}") = "XunitTest", "XunitTest\XunitTest.csproj", "{37FAD3C3-37E6-42C9-AC73-CAB7E5CF5494}"
EndProject
Global
	GlobalSection(SolutionConfigurationPlatforms) = preSolution
		Debug|Any CPU = Debug|Any CPU
		Release|Any CPU = Release|Any CPU
	EndGlobalSection
	GlobalSection(ProjectConfigurationPlatforms) = postSolution
		{E4A0C013-0B08-45C2-901A-800EE6F66928}.Debug|Any CPU.ActiveCfg = Debug|Any CPU
		{E4A0C013-0B08-45C2-901A-800EE6F66928}.Debug|Any CPU.Build.0 = Debug|Any CPU
		{E4A0C013-0B08-45C2-901A-800EE6F66928}.Release|Any CPU.ActiveCfg = Release|Any CPU
		{E4A0C013-0B08-45C2-901A-800EE6F66928}.Release|Any CPU.Build.0 = Release|Any CPU
		{37FAD3C3-37E6-42C9-AC73-CAB7E5CF5494}.Debug|Any CPU.ActiveCfg = Debug|Any CPU
		{37FAD3C3-37E6-42C9-AC73-CAB7E5CF5494}.Debug|Any CPU.Build.0 = Debug|Any CPU
		{37FAD3C3-37E6-42C9-AC73-CAB7E5CF5494}.Release|Any CPU.ActiveCfg = Release|Any CPU
		{37FAD3C3-37E6-42C9-AC73-CAB7E5CF5494}.Release|Any CPU.Build.0 = Release|Any CPU
	EndGlobalSection
	GlobalSection(SolutionProperties) = preSolution
		HideSolutionNode = FALSE
	EndGlobalSection
	GlobalSection(ExtensibilityGlobals) = postSolution
		SolutionGuid = {1F98CEC8-8632-4F2A-BCAB-7F167A2E3664}
	EndGlobalSection
EndGlobal
